
Microsoft Visual Studio Solution File, Format Version 12.00
# Visual Studio Version 17
VisualStudioVersion = 17.13.35617.110 d17.13
MinimumVisualStudioVersion = 10.0.40219.1
Project("{FAE04EC0-301F-11D3-BF4B-00C04F79EFBC}") = "Task3", "Task3.csproj", "{BC605D8B-0835-401C-9B6D-147BF9236654}"
EndProject
Global
	GlobalSection(SolutionConfigurationPlatforms) = preSolution
		Debug|Any CPU = Debug|Any CPU
		Release|Any CPU = Release|Any CPU
	EndGlobalSection
	GlobalSection(ProjectConfigurationPlatforms) = postSolution
		{BC605D8B-0835-401C-9B6D-147BF9236654}.Debug|Any CPU.ActiveCfg = Debug|Any CPU
		{BC605D8B-0835-401C-9B6D-147BF9236654}.Debug|Any CPU.Build.0 = Debug|Any CPU
		{BC605D8B-0835-401C-9B6D-147BF9236654}.Release|Any CPU.ActiveCfg = Release|Any CPU
		{BC605D8B-0835-401C-9B6D-147BF9236654}.Release|Any CPU.Build.0 = Release|Any CPU
	EndGlobalSection
	GlobalSection(SolutionProperties) = preSolution
		HideSolutionNode = FALSE
	EndGlobalSection
	GlobalSection(ExtensibilityGlobals) = postSolution
		SolutionGuid = {AAC50D8F-FA55-420A-87F9-1B2997453F38}
	EndGlobalSection
EndGlobal
